
Microsoft Visual Studio Solution File, Format Version 12.00
# Visual Studio Version 16
VisualStudioVersion = 16.0.30413.136
MinimumVisualStudioVersion = 10.0.40219.1
Project("{9A19103F-16F7-4668-BE54-9A1E7A4F7556}") = "BoardWebApp", "BoardWebApp\BoardWebApp.csproj", "{F81679EA-4541-4922-926F-6E5025D69AB1}"
EndProject
Project("{2150E333-8FDC-42A3-9474-1A3956D46DE8}") = "Documentation", "Documentation", "{311F5851-6A66-48D4-915B-219A23843ABD}"
	ProjectSection(SolutionItems) = preProject
		README.md = README.md
	EndProjectSection
EndProject
Project("{9A19103F-16F7-4668-BE54-9A1E7A4F7556}") = "Board.DataLayer", "Board.DataLayer\Board.DataLayer.csproj", "{DF0835EC-A009-461D-A146-934DC38E8265}"
EndProject
Project("{9A19103F-16F7-4668-BE54-9A1E7A4F7556}") = "Board.Application", "Board.Application\Board.Application.csproj", "{E4829354-301A-4C72-BC6C-0E521126CFBE}"
EndProject
Project("{9A19103F-16F7-4668-BE54-9A1E7A4F7556}") = "Board.Infrastructure", "Board.Infrastructure\Board.Infrastructure.csproj", "{EFF3F72B-45F2-40C5-BA68-7A697740270B}"
EndProject
Project("{2150E333-8FDC-42A3-9474-1A3956D46DE8}") = "Src", "Src", "{E6AEE4CB-2FA5-4846-B872-B61E9DF87EDA}"
EndProject
Project("{2150E333-8FDC-42A3-9474-1A3956D46DE8}") = "Presentation", "Presentation", "{A3D64CE4-0732-4712-966E-7F270FA943CC}"
EndProject
Project("{2150E333-8FDC-42A3-9474-1A3956D46DE8}") = "Common", "Common", "{0AA7E2A7-5F41-47EA-902A-129EC2C47D2E}"
EndProject
Project("{2150E333-8FDC-42A3-9474-1A3956D46DE8}") = "Core", "Core", "{9CFFB7C9-904E-445A-B6BC-E0167DAA6F46}"
EndProject
Project("{2150E333-8FDC-42A3-9474-1A3956D46DE8}") = "Infrastructure", "Infrastructure", "{85A976C5-2A32-437C-9166-13A50AC5B016}"
EndProject
Project("{9A19103F-16F7-4668-BE54-9A1E7A4F7556}") = "Board.Common", "Board.Common\Board.Common.csproj", "{D98F0C4C-9C01-4474-B0B4-14DF3633D2D7}"
EndProject
Project("{9A19103F-16F7-4668-BE54-9A1E7A4F7556}") = "Boadr.Domain", "Boadr.Domain\Boadr.Domain.csproj", "{B7117E02-FF26-46F8-86D6-886D0B0121A1}"
EndProject
Project("{FAE04EC0-301F-11D3-BF4B-00C04F79EFBC}") = "Board.Game.Mafia", "Board.Game.Mafia\Board.Game.Mafia.csproj", "{3445813B-318B-4159-A250-0ECCDBAF0A15}"
EndProject
Global
	GlobalSection(SolutionConfigurationPlatforms) = preSolution
		Debug|Any CPU = Debug|Any CPU
		Release|Any CPU = Release|Any CPU
	EndGlobalSection
	GlobalSection(ProjectConfigurationPlatforms) = postSolution
		{F81679EA-4541-4922-926F-6E5025D69AB1}.Debug|Any CPU.ActiveCfg = Debug|Any CPU
		{F81679EA-4541-4922-926F-6E5025D69AB1}.Debug|Any CPU.Build.0 = Debug|Any CPU
		{F81679EA-4541-4922-926F-6E5025D69AB1}.Release|Any CPU.ActiveCfg = Release|Any CPU
		{F81679EA-4541-4922-926F-6E5025D69AB1}.Release|Any CPU.Build.0 = Release|Any CPU
		{DF0835EC-A009-461D-A146-934DC38E8265}.Debug|Any CPU.ActiveCfg = Debug|Any CPU
		{DF0835EC-A009-461D-A146-934DC38E8265}.Debug|Any CPU.Build.0 = Debug|Any CPU
		{DF0835EC-A009-461D-A146-934DC38E8265}.Release|Any CPU.ActiveCfg = Release|Any CPU
		{DF0835EC-A009-461D-A146-934DC38E8265}.Release|Any CPU.Build.0 = Release|Any CPU
		{E4829354-301A-4C72-BC6C-0E521126CFBE}.Debug|Any CPU.ActiveCfg = Debug|Any CPU
		{E4829354-301A-4C72-BC6C-0E521126CFBE}.Debug|Any CPU.Build.0 = Debug|Any CPU
		{E4829354-301A-4C72-BC6C-0E521126CFBE}.Release|Any CPU.ActiveCfg = Release|Any CPU
		{E4829354-301A-4C72-BC6C-0E521126CFBE}.Release|Any CPU.Build.0 = Release|Any CPU
		{EFF3F72B-45F2-40C5-BA68-7A697740270B}.Debug|Any CPU.ActiveCfg = Debug|Any CPU
		{EFF3F72B-45F2-40C5-BA68-7A697740270B}.Debug|Any CPU.Build.0 = Debug|Any CPU
		{EFF3F72B-45F2-40C5-BA68-7A697740270B}.Release|Any CPU.ActiveCfg = Release|Any CPU
		{EFF3F72B-45F2-40C5-BA68-7A697740270B}.Release|Any CPU.Build.0 = Release|Any CPU
		{D98F0C4C-9C01-4474-B0B4-14DF3633D2D7}.Debug|Any CPU.ActiveCfg = Debug|Any CPU
		{D98F0C4C-9C01-4474-B0B4-14DF3633D2D7}.Debug|Any CPU.Build.0 = Debug|Any CPU
		{D98F0C4C-9C01-4474-B0B4-14DF3633D2D7}.Release|Any CPU.ActiveCfg = Release|Any CPU
		{D98F0C4C-9C01-4474-B0B4-14DF3633D2D7}.Release|Any CPU.Build.0 = Release|Any CPU
		{B7117E02-FF26-46F8-86D6-886D0B0121A1}.Debug|Any CPU.ActiveCfg = Debug|Any CPU
		{B7117E02-FF26-46F8-86D6-886D0B0121A1}.Debug|Any CPU.Build.0 = Debug|Any CPU
		{B7117E02-FF26-46F8-86D6-886D0B0121A1}.Release|Any CPU.ActiveCfg = Release|Any CPU
		{B7117E02-FF26-46F8-86D6-886D0B0121A1}.Release|Any CPU.Build.0 = Release|Any CPU
		{3445813B-318B-4159-A250-0ECCDBAF0A15}.Debug|Any CPU.ActiveCfg = Debug|Any CPU
		{3445813B-318B-4159-A250-0ECCDBAF0A15}.Debug|Any CPU.Build.0 = Debug|Any CPU
		{3445813B-318B-4159-A250-0ECCDBAF0A15}.Release|Any CPU.ActiveCfg = Release|Any CPU
		{3445813B-318B-4159-A250-0ECCDBAF0A15}.Release|Any CPU.Build.0 = Release|Any CPU
	EndGlobalSection
	GlobalSection(SolutionProperties) = preSolution
		HideSolutionNode = FALSE
	EndGlobalSection
	GlobalSection(NestedProjects) = preSolution
		{F81679EA-4541-4922-926F-6E5025D69AB1} = {A3D64CE4-0732-4712-966E-7F270FA943CC}
		{DF0835EC-A009-461D-A146-934DC38E8265} = {9CFFB7C9-904E-445A-B6BC-E0167DAA6F46}
		{E4829354-301A-4C72-BC6C-0E521126CFBE} = {9CFFB7C9-904E-445A-B6BC-E0167DAA6F46}
		{EFF3F72B-45F2-40C5-BA68-7A697740270B} = {85A976C5-2A32-437C-9166-13A50AC5B016}
		{A3D64CE4-0732-4712-966E-7F270FA943CC} = {E6AEE4CB-2FA5-4846-B872-B61E9DF87EDA}
		{0AA7E2A7-5F41-47EA-902A-129EC2C47D2E} = {E6AEE4CB-2FA5-4846-B872-B61E9DF87EDA}
		{9CFFB7C9-904E-445A-B6BC-E0167DAA6F46} = {E6AEE4CB-2FA5-4846-B872-B61E9DF87EDA}
		{85A976C5-2A32-437C-9166-13A50AC5B016} = {E6AEE4CB-2FA5-4846-B872-B61E9DF87EDA}
		{D98F0C4C-9C01-4474-B0B4-14DF3633D2D7} = {0AA7E2A7-5F41-47EA-902A-129EC2C47D2E}
		{B7117E02-FF26-46F8-86D6-886D0B0121A1} = {9CFFB7C9-904E-445A-B6BC-E0167DAA6F46}
		{3445813B-318B-4159-A250-0ECCDBAF0A15} = {85A976C5-2A32-437C-9166-13A50AC5B016}
	EndGlobalSection
	GlobalSection(ExtensibilityGlobals) = postSolution
		SolutionGuid = {1C664D18-5EBC-46A5-A570-3FDBE70C4E4A}
	EndGlobalSection
EndGlobal
